
Microsoft Visual Studio Solution File, Format Version 12.00
# Visual Studio Version 16
VisualStudioVersion = 16.0.33328.57
MinimumVisualStudioVersion = 10.0.40219.1
Project("{FAE04EC0-301F-11D3-BF4B-00C04F79EFBC}") = "SkillFactory_4_4_5", "SkillFactory_4_4_5.csproj", "{1C9798BE-5B3F-4A52-92D8-8B6BA0F8BCC9}"
EndProject
Global
	GlobalSection(SolutionConfigurationPlatforms) = preSolution
		Debug|Any CPU = Debug|Any CPU
		Release|Any CPU = Release|Any CPU
	EndGlobalSection
	GlobalSection(ProjectConfigurationPlatforms) = postSolution
		{1C9798BE-5B3F-4A52-92D8-8B6BA0F8BCC9}.Debug|Any CPU.ActiveCfg = Debug|Any CPU
		{1C9798BE-5B3F-4A52-92D8-8B6BA0F8BCC9}.Debug|Any CPU.Build.0 = Debug|Any CPU
		{1C9798BE-5B3F-4A52-92D8-8B6BA0F8BCC9}.Release|Any CPU.ActiveCfg = Release|Any CPU
		{1C9798BE-5B3F-4A52-92D8-8B6BA0F8BCC9}.Release|Any CPU.Build.0 = Release|Any CPU
	EndGlobalSection
	GlobalSection(SolutionProperties) = preSolution
		HideSolutionNode = FALSE
	EndGlobalSection
	GlobalSection(ExtensibilityGlobals) = postSolution
		SolutionGuid = {692C3ED9-1497-4766-856B-5340F948283F}
	EndGlobalSection
EndGlobal
